
Microsoft Visual Studio Solution File, Format Version 12.00
# Visual Studio Version 17
VisualStudioVersion = 17.4.33205.214
MinimumVisualStudioVersion = 10.0.40219.1
Project("{FAE04EC0-301F-11D3-BF4B-00C04F79EFBC}") = "ticketVedingMachine", "ticketVedingMachine\ticketVedingMachine.csproj", "{CBA7AED0-D49C-4434-BD64-6D6349999327}"
EndProject
Global
	GlobalSection(SolutionConfigurationPlatforms) = preSolution
		Debug|Any CPU = Debug|Any CPU
		Release|Any CPU = Release|Any CPU
	EndGlobalSection
	GlobalSection(ProjectConfigurationPlatforms) = postSolution
		{CBA7AED0-D49C-4434-BD64-6D6349999327}.Debug|Any CPU.ActiveCfg = Debug|Any CPU
		{CBA7AED0-D49C-4434-BD64-6D6349999327}.Debug|Any CPU.Build.0 = Debug|Any CPU
		{CBA7AED0-D49C-4434-BD64-6D6349999327}.Release|Any CPU.ActiveCfg = Release|Any CPU
		{CBA7AED0-D49C-4434-BD64-6D6349999327}.Release|Any CPU.Build.0 = Release|Any CPU
	EndGlobalSection
	GlobalSection(SolutionProperties) = preSolution
		HideSolutionNode = FALSE
	EndGlobalSection
	GlobalSection(ExtensibilityGlobals) = postSolution
		SolutionGuid = {C9B5AFA9-3809-424B-862A-AC6C8F06A0E3}
	EndGlobalSection
EndGlobal
